
Microsoft Visual Studio Solution File, Format Version 12.00
# Visual Studio Version 17
VisualStudioVersion = 17.5.33414.496
MinimumVisualStudioVersion = 10.0.40219.1
Project("{FAE04EC0-301F-11D3-BF4B-00C04F79EFBC}") = "TestGroupProject-106", "TestGroupProject-106\TestGroupProject-106.csproj", "{865587D6-2AA3-4FC7-9CEF-3A68F6A8E5FD}"
EndProject
Global
	GlobalSection(SolutionConfigurationPlatforms) = preSolution
		Debug|Any CPU = Debug|Any CPU
		Release|Any CPU = Release|Any CPU
	EndGlobalSection
	GlobalSection(ProjectConfigurationPlatforms) = postSolution
		{865587D6-2AA3-4FC7-9CEF-3A68F6A8E5FD}.Debug|Any CPU.ActiveCfg = Debug|Any CPU
		{865587D6-2AA3-4FC7-9CEF-3A68F6A8E5FD}.Debug|Any CPU.Build.0 = Debug|Any CPU
		{865587D6-2AA3-4FC7-9CEF-3A68F6A8E5FD}.Release|Any CPU.ActiveCfg = Release|Any CPU
		{865587D6-2AA3-4FC7-9CEF-3A68F6A8E5FD}.Release|Any CPU.Build.0 = Release|Any CPU
	EndGlobalSection
	GlobalSection(SolutionProperties) = preSolution
		HideSolutionNode = FALSE
	EndGlobalSection
	GlobalSection(ExtensibilityGlobals) = postSolution
		SolutionGuid = {C1DFC039-63C4-471F-8D7B-0B33F4DF640E}
	EndGlobalSection
EndGlobal
